
Microsoft Visual Studio Solution File, Format Version 12.00
# Visual Studio 14
VisualStudioVersion = 14.0.25123.0
MinimumVisualStudioVersion = 10.0.40219.1
Project("{FAE04EC0-301F-11D3-BF4B-00C04F79EFBC}") = "JellyJam", "April1Game\JellyJam.csproj", "{145E3A0E-252C-433B-A14E-68376A9FC2BF}"
EndProject
Global
	GlobalSection(SolutionConfigurationPlatforms) = preSolution
		Debug|x86 = Debug|x86
		Release|x86 = Release|x86
	EndGlobalSection
	GlobalSection(ProjectConfigurationPlatforms) = postSolution
		{145E3A0E-252C-433B-A14E-68376A9FC2BF}.Debug|x86.ActiveCfg = Debug|x86
		{145E3A0E-252C-433B-A14E-68376A9FC2BF}.Debug|x86.Build.0 = Debug|x86
		{145E3A0E-252C-433B-A14E-68376A9FC2BF}.Release|x86.ActiveCfg = Release|x86
		{145E3A0E-252C-433B-A14E-68376A9FC2BF}.Release|x86.Build.0 = Release|x86
	EndGlobalSection
	GlobalSection(SolutionProperties) = preSolution
		HideSolutionNode = FALSE
	EndGlobalSection
EndGlobal
